
Microsoft Visual Studio Solution File, Format Version 12.00
# Visual Studio Version 16
VisualStudioVersion = 16.0.30320.27
MinimumVisualStudioVersion = 10.0.40219.1
Project("{FAE04EC0-301F-11D3-BF4B-00C04F79EFBC}") = "DM.Demo", "DynamicModules\DM.Demo.csproj", "{EFDBFC84-CFA2-4AB2-A94F-9A3CC58E091F}"
EndProject
Project("{FAE04EC0-301F-11D3-BF4B-00C04F79EFBC}") = "DM.Core", "DM.Core\DM.Core.csproj", "{085A3767-0F46-4923-8EB5-596CE276FC47}"
EndProject
Project("{2150E333-8FDC-42A3-9474-1A3956D46DE8}") = "Modules", "Modules", "{B4821B4E-FD33-4426-94BD-41CA302FB6DF}"
EndProject
Project("{FAE04EC0-301F-11D3-BF4B-00C04F79EFBC}") = "DM.ModuleChat", "DM.ModuleChat\DM.ModuleChat.csproj", "{71AA6CE1-D58D-417C-A199-38EBC54DFD08}"
EndProject
Global
	GlobalSection(SolutionConfigurationPlatforms) = preSolution
		Debug|Any CPU = Debug|Any CPU
		Release|Any CPU = Release|Any CPU
	EndGlobalSection
	GlobalSection(ProjectConfigurationPlatforms) = postSolution
		{EFDBFC84-CFA2-4AB2-A94F-9A3CC58E091F}.Debug|Any CPU.ActiveCfg = Debug|Any CPU
		{EFDBFC84-CFA2-4AB2-A94F-9A3CC58E091F}.Debug|Any CPU.Build.0 = Debug|Any CPU
		{EFDBFC84-CFA2-4AB2-A94F-9A3CC58E091F}.Release|Any CPU.ActiveCfg = Release|Any CPU
		{EFDBFC84-CFA2-4AB2-A94F-9A3CC58E091F}.Release|Any CPU.Build.0 = Release|Any CPU
		{085A3767-0F46-4923-8EB5-596CE276FC47}.Debug|Any CPU.ActiveCfg = Debug|Any CPU
		{085A3767-0F46-4923-8EB5-596CE276FC47}.Debug|Any CPU.Build.0 = Debug|Any CPU
		{085A3767-0F46-4923-8EB5-596CE276FC47}.Release|Any CPU.ActiveCfg = Release|Any CPU
		{085A3767-0F46-4923-8EB5-596CE276FC47}.Release|Any CPU.Build.0 = Release|Any CPU
		{71AA6CE1-D58D-417C-A199-38EBC54DFD08}.Debug|Any CPU.ActiveCfg = Debug|Any CPU
		{71AA6CE1-D58D-417C-A199-38EBC54DFD08}.Debug|Any CPU.Build.0 = Debug|Any CPU
		{71AA6CE1-D58D-417C-A199-38EBC54DFD08}.Release|Any CPU.ActiveCfg = Release|Any CPU
		{71AA6CE1-D58D-417C-A199-38EBC54DFD08}.Release|Any CPU.Build.0 = Release|Any CPU
	EndGlobalSection
	GlobalSection(SolutionProperties) = preSolution
		HideSolutionNode = FALSE
	EndGlobalSection
	GlobalSection(NestedProjects) = preSolution
		{71AA6CE1-D58D-417C-A199-38EBC54DFD08} = {B4821B4E-FD33-4426-94BD-41CA302FB6DF}
	EndGlobalSection
	GlobalSection(ExtensibilityGlobals) = postSolution
		SolutionGuid = {84563C82-EC2F-4FCE-A96E-19E2FA7C2DCD}
	EndGlobalSection
EndGlobal
